// !$*UTF8*$!
{
	archiveVersion = 1;
	classes = {
	};
	objectVersion = 46;
	objects = {

/* Begin PBXBuildFile section */
		1ED16AEF23B2F6A00052F955 /* ViewController.xib in Resources */ = {isa = PBXBuildFile; fileRef = 1ED16AEE23B2F6A00052F955 /* ViewController.xib */; };
		1ED16AF223B2F9F10052F955 /* HYPageViewSubViewController.m in Sources */ = {isa = PBXBuildFile; fileRef = 1ED16AF123B2F9F10052F955 /* HYPageViewSubViewController.m */; };
		1ED16AF923B3012F0052F955 /* SubViewController.m in Sources */ = {isa = PBXBuildFile; fileRef = 1ED16AF723B3012F0052F955 /* SubViewController.m */; };
		1ED16AFA23B3012F0052F955 /* SubViewController.xib in Resources */ = {isa = PBXBuildFile; fileRef = 1ED16AF823B3012F0052F955 /* SubViewController.xib */; };
		628E384C1FB6AC530059B7BB /* HYPageView.m in Sources */ = {isa = PBXBuildFile; fileRef = 628E384B1FB6AC530059B7BB /* HYPageView.m */; };
		629CE0021DABBDBA00DE0D28 /* AppDelegate.m in Sources */ = {isa = PBXBuildFile; fileRef = 629CE0011DABBDBA00DE0D28 /* AppDelegate.m */; };
		629CE0091DABBDC000DE0D28 /* ViewController.m in Sources */ = {isa = PBXBuildFile; fileRef = 629CE0071DABBDC000DE0D28 /* ViewController.m */; };
		62E040721D99910E00D6BE9D /* main.m in Sources */ = {isa = PBXBuildFile; fileRef = 62E040711D99910E00D6BE9D /* main.m */; };
		62E0407D1D99910E00D6BE9D /* Assets.xcassets in Resources */ = {isa = PBXBuildFile; fileRef = 62E0407C1D99910E00D6BE9D /* Assets.xcassets */; };
		62E040801D99910E00D6BE9D /* LaunchScreen.storyboard in Resources */ = {isa = PBXBuildFile; fileRef = 62E0407E1D99910E00D6BE9D /* LaunchScreen.storyboard */; };
/* End PBXBuildFile section */

/* Begin PBXFileReference section */
		1ED16AEE23B2F6A00052F955 /* ViewController.xib */ = {isa = PBXFileReference; lastKnownFileType = file.xib; path = ViewController.xib; sourceTree = "<group>"; };
		1ED16AF023B2F9F10052F955 /* HYPageViewSubViewController.h */ = {isa = PBXFileReference; lastKnownFileType = sourcecode.c.h; path = HYPageViewSubViewController.h; sourceTree = "<group>"; };
		1ED16AF123B2F9F10052F955 /* HYPageViewSubViewController.m */ = {isa = PBXFileReference; lastKnownFileType = sourcecode.c.objc; path = HYPageViewSubViewController.m; sourceTree = "<group>"; };
		1ED16AF623B3012F0052F955 /* SubViewController.h */ = {isa = PBXFileReference; lastKnownFileType = sourcecode.c.h; path = SubViewController.h; sourceTree = "<group>"; };
		1ED16AF723B3012F0052F955 /* SubViewController.m */ = {isa = PBXFileReference; lastKnownFileType = sourcecode.c.objc; path = SubViewController.m; sourceTree = "<group>"; };
		1ED16AF823B3012F0052F955 /* SubViewController.xib */ = {isa = PBXFileReference; lastKnownFileType = file.xib; path = SubViewController.xib; sourceTree = "<group>"; };
		628E384A1FB6AC530059B7BB /* HYPageView.h */ = {isa = PBXFileReference; fileEncoding = 4; lastKnownFileType = sourcecode.c.h; path = HYPageView.h; sourceTree = "<group>"; };
		628E384B1FB6AC530059B7BB /* HYPageView.m */ = {isa = PBXFileReference; fileEncoding = 4; lastKnownFileType = sourcecode.c.objc; path = HYPageView.m; sourceTree = "<group>"; };
		629CE0001DABBDBA00DE0D28 /* AppDelegate.h */ = {isa = PBXFileReference; fileEncoding = 4; lastKnownFileType = sourcecode.c.h; path = AppDelegate.h; sourceTree = "<group>"; };
		629CE0011DABBDBA00DE0D28 /* AppDelegate.m */ = {isa = PBXFileReference; fileEncoding = 4; lastKnownFileType = sourcecode.c.objc; path = AppDelegate.m; sourceTree = "<group>"; };
		629CE0061DABBDC000DE0D28 /* ViewController.h */ = {isa = PBXFileReference; fileEncoding = 4; lastKnownFileType = sourcecode.c.h; path = ViewController.h; sourceTree = "<group>"; };
		629CE0071DABBDC000DE0D28 /* ViewController.m */ = {isa = PBXFileReference; fileEncoding = 4; lastKnownFileType = sourcecode.c.objc; path = ViewController.m; sourceTree = "<group>"; };
		62E0406D1D99910E00D6BE9D /* HYNavigation.app */ = {isa = PBXFileReference; explicitFileType = wrapper.application; includeInIndex = 0; path = HYNavigation.app; sourceTree = BUILT_PRODUCTS_DIR; };
		62E040711D99910E00D6BE9D /* main.m */ = {isa = PBXFileReference; lastKnownFileType = sourcecode.c.objc; path = main.m; sourceTree = "<group>"; };
		62E0407C1D99910E00D6BE9D /* Assets.xcassets */ = {isa = PBXFileReference; lastKnownFileType = folder.assetcatalog; path = Assets.xcassets; sourceTree = "<group>"; };
		62E0407F1D99910E00D6BE9D /* Base */ = {isa = PBXFileReference; lastKnownFileType = file.storyboard; name = Base; path = Base.lproj/LaunchScreen.storyboard; sourceTree = "<group>"; };
		62E040811D99910E00D6BE9D /* Info.plist */ = {isa = PBXFileReference; lastKnownFileType = text.plist.xml; path = Info.plist; sourceTree = "<group>"; };
/* End PBXFileReference section */

/* Begin PBXFrameworksBuildPhase section */
		62E0406A1D99910E00D6BE9D /* Frameworks */ = {
			isa = PBXFrameworksBuildPhase;
			buildActionMask = 2147483647;
			files = (
			);
			runOnlyForDeploymentPostprocessing = 0;
		};
/* End PBXFrameworksBuildPhase section */

/* Begin PBXGroup section */
		629CDFFF1DABBDBA00DE0D28 /* AppDelegate */ = {
			isa = PBXGroup;
			children = (
				629CE0001DABBDBA00DE0D28 /* AppDelegate.h */,
				629CE0011DABBDBA00DE0D28 /* AppDelegate.m */,
			);
			path = AppDelegate;
			sourceTree = "<group>";
		};
		629CE0031DABBDC000DE0D28 /* ViewControllers */ = {
			isa = PBXGroup;
			children = (
				629CE0061DABBDC000DE0D28 /* ViewController.h */,
				629CE0071DABBDC000DE0D28 /* ViewController.m */,
				1ED16AEE23B2F6A00052F955 /* ViewController.xib */,
				1ED16AF623B3012F0052F955 /* SubViewController.h */,
				1ED16AF723B3012F0052F955 /* SubViewController.m */,
				1ED16AF823B3012F0052F955 /* SubViewController.xib */,
			);
			path = ViewControllers;
			sourceTree = "<group>";
		};
		629CE0111DABBF3300DE0D28 /* HYPageView */ = {
			isa = PBXGroup;
			children = (
				628E384A1FB6AC530059B7BB /* HYPageView.h */,
				628E384B1FB6AC530059B7BB /* HYPageView.m */,
				1ED16AF023B2F9F10052F955 /* HYPageViewSubViewController.h */,
				1ED16AF123B2F9F10052F955 /* HYPageViewSubViewController.m */,
			);
			path = HYPageView;
			sourceTree = "<group>";
		};
		62E040641D99910E00D6BE9D = {
			isa = PBXGroup;
			children = (
				62E0406F1D99910E00D6BE9D /* HYNavigation */,
				62E0406E1D99910E00D6BE9D /* Products */,
			);
			sourceTree = "<group>";
		};
		62E0406E1D99910E00D6BE9D /* Products */ = {
			isa = PBXGroup;
			children = (
				62E0406D1D99910E00D6BE9D /* HYNavigation.app */,
			);
			name = Products;
			sourceTree = "<group>";
		};
		62E0406F1D99910E00D6BE9D /* HYNavigation */ = {
			isa = PBXGroup;
			children = (
				629CDFFF1DABBDBA00DE0D28 /* AppDelegate */,
				629CE0031DABBDC000DE0D28 /* ViewControllers */,
				629CE0111DABBF3300DE0D28 /* HYPageView */,
				62E040701D99910E00D6BE9D /* Supporting Files */,
			);
			path = HYNavigation;
			sourceTree = "<group>";
		};
		62E040701D99910E00D6BE9D /* Supporting Files */ = {
			isa = PBXGroup;
			children = (
				62E0407C1D99910E00D6BE9D /* Assets.xcassets */,
				62E0407E1D99910E00D6BE9D /* LaunchScreen.storyboard */,
				62E040811D99910E00D6BE9D /* Info.plist */,
				62E040711D99910E00D6BE9D /* main.m */,
			);
			name = "Supporting Files";
			sourceTree = "<group>";
		};
/* End PBXGroup section */

/* Begin PBXNativeTarget section */
		62E0406C1D99910E00D6BE9D /* HYNavigation */ = {
			isa = PBXNativeTarget;
			buildConfigurationList = 62E040841D99910E00D6BE9D /* Build configuration list for PBXNativeTarget "HYNavigation" */;
			buildPhases = (
				62E040691D99910E00D6BE9D /* Sources */,
				62E0406A1D99910E00D6BE9D /* Frameworks */,
				62E0406B1D99910E00D6BE9D /* Resources */,
			);
			buildRules = (
			);
			dependencies = (
			);
			name = HYNavigation;
			productName = HYNavigation;
			productReference = 62E0406D1D99910E00D6BE9D /* HYNavigation.app */;
			productType = "com.apple.product-type.application";
		};
/* End PBXNativeTarget section */

/* Begin PBXProject section */
		62E040651D99910E00D6BE9D /* Project object */ = {
			isa = PBXProject;
			attributes = {
				LastUpgradeCheck = 0710;
				ORGANIZATIONNAME = Pengcent;
				TargetAttributes = {
					62E0406C1D99910E00D6BE9D = {
						CreatedOnToolsVersion = 7.1;
						ProvisioningStyle = Manual;
					};
				};
			};
			buildConfigurationList = 62E040681D99910E00D6BE9D /* Build configuration list for PBXProject "HYNavigation" */;
			compatibilityVersion = "Xcode 3.2";
			developmentRegion = English;
			hasScannedForEncodings = 0;
			knownRegions = (
				English,
				en,
				Base,
			);
			mainGroup = 62E040641D99910E00D6BE9D;
			productRefGroup = 62E0406E1D99910E00D6BE9D /* Products */;
			projectDirPath = "";
			projectRoot = "";
			targets = (
				62E0406C1D99910E00D6BE9D /* HYNavigation */,
			);
		};
/* End PBXProject section */

/* Begin PBXResourcesBuildPhase section */
		62E0406B1D99910E00D6BE9D /* Resources */ = {
			isa = PBXResourcesBuildPhase;
			buildActionMask = 2147483647;
			files = (
				1ED16AEF23B2F6A00052F955 /* ViewController.xib in Resources */,
				62E040801D99910E00D6BE9D /* LaunchScreen.storyboard in Resources */,
				62E0407D1D99910E00D6BE9D /* Assets.xcassets in Resources */,
				1ED16AFA23B3012F0052F955 /* SubViewController.xib in Resources */,
			);
			runOnlyForDeploymentPostprocessing = 0;
		};
/* End PBXResourcesBuildPhase section */

/* Begin PBXSourcesBuildPhase section */
		62E040691D99910E00D6BE9D /* Sources */ = {
			isa = PBXSourcesBuildPhase;
			buildActionMask = 2147483647;
			files = (
				628E384C1FB6AC530059B7BB /* HYPageView.m in Sources */,
				1ED16AF223B2F9F10052F955 /* HYPageViewSubViewController.m in Sources */,
				62E040721D99910E00D6BE9D /* main.m in Sources */,
				1ED16AF923B3012F0052F955 /* SubViewController.m in Sources */,
				629CE0091DABBDC000DE0D28 /* ViewController.m in Sources */,
				629CE0021DABBDBA00DE0D28 /* AppDelegate.m in Sources */,
			);
			runOnlyForDeploymentPostprocessing = 0;
		};
/* End PBXSourcesBuildPhase section */

/* Begin PBXVariantGroup section */
		62E0407E1D99910E00D6BE9D /* LaunchScreen.storyboard */ = {
			isa = PBXVariantGroup;
			children = (
				62E0407F1D99910E00D6BE9D /* Base */,
			);
			name = LaunchScreen.storyboard;
			sourceTree = "<group>";
		};
/* End PBXVariantGroup section */

/* Begin XCBuildConfiguration section */
		62E040821D99910E00D6BE9D /* Debug */ = {
			isa = XCBuildConfiguration;
			buildSettings = {
				ALWAYS_SEARCH_USER_PATHS = NO;
				CLANG_CXX_LANGUAGE_STANDARD = "gnu++0x";
				CLANG_CXX_LIBRARY = "libc++";
				CLANG_ENABLE_MODULES = YES;
				CLANG_ENABLE_OBJC_ARC = YES;
				CLANG_WARN_BOOL_CONVERSION = YES;
				CLANG_WARN_CONSTANT_CONVERSION = YES;
				CLANG_WARN_DIRECT_OBJC_ISA_USAGE = YES_ERROR;
				CLANG_WARN_EMPTY_BODY = YES;
				CLANG_WARN_ENUM_CONVERSION = YES;
				CLANG_WARN_INT_CONVERSION = YES;
				CLANG_WARN_OBJC_ROOT_CLASS = YES_ERROR;
				CLANG_WARN_UNREACHABLE_CODE = YES;
				CLANG_WARN__DUPLICATE_METHOD_MATCH = YES;
				"CODE_SIGN_IDENTITY[sdk=iphoneos*]" = "iPhone Developer";
				COPY_PHASE_STRIP = NO;
				DEBUG_INFORMATION_FORMAT = dwarf;
				ENABLE_STRICT_OBJC_MSGSEND = YES;
				ENABLE_TESTABILITY = YES;
				GCC_C_LANGUAGE_STANDARD = gnu99;
				GCC_DYNAMIC_NO_PIC = NO;
				GCC_NO_COMMON_BLOCKS = YES;
				GCC_OPTIMIZATION_LEVEL = 0;
				GCC_PREPROCESSOR_DEFINITIONS = (
					"DEBUG=1",
					"$(inherited)",
				);
				GCC_WARN_64_TO_32_BIT_CONVERSION = YES;
				GCC_WARN_ABOUT_RETURN_TYPE = YES_ERROR;
				GCC_WARN_UNDECLARED_SELECTOR = YES;
				GCC_WARN_UNINITIALIZED_AUTOS = YES_AGGRESSIVE;
				GCC_WARN_UNUSED_FUNCTION = YES;
				GCC_WARN_UNUSED_VARIABLE = YES;
				IPHONEOS_DEPLOYMENT_TARGET = 9.1;
				MTL_ENABLE_DEBUG_INFO = YES;
				ONLY_ACTIVE_ARCH = YES;
				SDKROOT = iphoneos;
			};
			name = Debug;
		};
		62E040831D99910E00D6BE9D /* Release */ = {
			isa = XCBuildConfiguration;
			buildSettings = {
				ALWAYS_SEARCH_USER_PATHS = NO;
				CLANG_CXX_LANGUAGE_STANDARD = "gnu++0x";
				CLANG_CXX_LIBRARY = "libc++";
				CLANG_ENABLE_MODULES = YES;
				CLANG_ENABLE_OBJC_ARC = YES;
				CLANG_WARN_BOOL_CONVERSION = YES;
				CLANG_WARN_CONSTANT_CONVERSION = YES;
				CLANG_WARN_DIRECT_OBJC_ISA_USAGE = YES_ERROR;
				CLANG_WARN_EMPTY_BODY = YES;
				CLANG_WARN_ENUM_CONVERSION = YES;
				CLANG_WARN_INT_CONVERSION = YES;
				CLANG_WARN_OBJC_ROOT_CLASS = YES_ERROR;
				CLANG_WARN_UNREACHABLE_CODE = YES;
				CLANG_WARN__DUPLICATE_METHOD_MATCH = YES;
				"CODE_SIGN_IDENTITY[sdk=iphoneos*]" = "iPhone Developer";
				COPY_PHASE_STRIP = NO;
				DEBUG_INFORMATION_FORMAT = "dwarf-with-dsym";
				ENABLE_NS_ASSERTIONS = NO;
				ENABLE_STRICT_OBJC_MSGSEND = YES;
				GCC_C_LANGUAGE_STANDARD = gnu99;
				GCC_NO_COMMON_BLOCKS = YES;
				GCC_WARN_64_TO_32_BIT_CONVERSION = YES;
				GCC_WARN_ABOUT_RETURN_TYPE = YES_ERROR;
				GCC_WARN_UNDECLARED_SELECTOR = YES;
				GCC_WARN_UNINITIALIZED_AUTOS = YES_AGGRESSIVE;
				GCC_WARN_UNUSED_FUNCTION = YES;
				GCC_WARN_UNUSED_VARIABLE = YES;
				IPHONEOS_DEPLOYMENT_TARGET = 9.1;
				MTL_ENABLE_DEBUG_INFO = NO;
				SDKROOT = iphoneos;
				VALIDATE_PRODUCT = YES;
			};
			name = Release;
		};
		62E040851D99910E00D6BE9D /* Debug */ = {
			isa = XCBuildConfiguration;
			buildSettings = {
				ASSETCATALOG_COMPILER_APPICON_NAME = AppIcon;
				CODE_SIGN_IDENTITY = "iPhone Developer";
				"CODE_SIGN_IDENTITY[sdk=iphoneos*]" = "iPhone Developer";
				CODE_SIGN_STYLE = Manual;
				DEVELOPMENT_TEAM = "";
				GCC_GENERATE_DEBUGGING_SYMBOLS = YES;
				INFOPLIST_FILE = HYNavigation/Info.plist;
				IPHONEOS_DEPLOYMENT_TARGET = 9.0;
				LD_RUNPATH_SEARCH_PATHS = "$(inherited) @executable_path/Frameworks";
				PRODUCT_BUNDLE_IDENTIFIER = com.runlhy.HYNavigation;
				PRODUCT_NAME = "$(TARGET_NAME)";
				PROVISIONING_PROFILE = "";
				PROVISIONING_PROFILE_SPECIFIER = "";
				USER_HEADER_SEARCH_PATHS = "\"$(SRCROOT)\" \"$(SRCROOT)/HYNavigation\"";
			};
			name = Debug;
		};
		62E040861D99910E00D6BE9D /* Release */ = {
			isa = XCBuildConfiguration;
			buildSettings = {
				ASSETCATALOG_COMPILER_APPICON_NAME = AppIcon;
				CODE_SIGN_IDENTITY = "iPhone Developer";
				"CODE_SIGN_IDENTITY[sdk=iphoneos*]" = "iPhone Developer";
				CODE_SIGN_STYLE = Manual;
				DEVELOPMENT_TEAM = "";
				GCC_GENERATE_DEBUGGING_SYMBOLS = YES;
				INFOPLIST_FILE = HYNavigation/Info.plist;
				IPHONEOS_DEPLOYMENT_TARGET = 9.0;
				LD_RUNPATH_SEARCH_PATHS = "$(inherited) @executable_path/Frameworks";
				PRODUCT_BUNDLE_IDENTIFIER = com.runlhy.HYNavigation;
				PRODUCT_NAME = "$(TARGET_NAME)";
				PROVISIONING_PROFILE = "";
				PROVISIONING_PROFILE_SPECIFIER = "";
				USER_HEADER_SEARCH_PATHS = "\"$(SRCROOT)\" \"$(SRCROOT)/HYNavigation\"";
			};
			name = Release;
		};
/* End XCBuildConfiguration section */

/* Begin XCConfigurationList section */
		62E040681D99910E00D6BE9D /* Build configuration list for PBXProject "HYNavigation" */ = {
			isa = XCConfigurationList;
			buildConfigurations = (
				62E040821D99910E00D6BE9D /* Debug */,
				62E040831D99910E00D6BE9D /* Release */,
			);
			defaultConfigurationIsVisible = 0;
			defaultConfigurationName = Release;
		};
		62E040841D99910E00D6BE9D /* Build configuration list for PBXNativeTarget "HYNavigation" */ = {
			isa = XCConfigurationList;
			buildConfigurations = (
				62E040851D99910E00D6BE9D /* Debug */,
				62E040861D99910E00D6BE9D /* Release */,
			);
			defaultConfigurationIsVisible = 0;
			defaultConfigurationName = Release;
		};
/* End XCConfigurationList section */
	};
	rootObject = 62E040651D99910E00D6BE9D /* Project object */;
}
